
Microsoft Visual Studio Solution File, Format Version 12.00
# Visual Studio Version 16
VisualStudioVersion = 16.0.30204.135
MinimumVisualStudioVersion = 10.0.40219.1
Project("{FAE04EC0-301F-11D3-BF4B-00C04F79EFBC}") = "Pessoa", "Pessoa\Pessoa.csproj", "{3FE0A6C2-A5AB-41D8-BE00-7C9D25C40610}"
EndProject
Global
	GlobalSection(SolutionConfigurationPlatforms) = preSolution
		Debug|Any CPU = Debug|Any CPU
		Release|Any CPU = Release|Any CPU
	EndGlobalSection
	GlobalSection(ProjectConfigurationPlatforms) = postSolution
		{3FE0A6C2-A5AB-41D8-BE00-7C9D25C40610}.Debug|Any CPU.ActiveCfg = Debug|Any CPU
		{3FE0A6C2-A5AB-41D8-BE00-7C9D25C40610}.Debug|Any CPU.Build.0 = Debug|Any CPU
		{3FE0A6C2-A5AB-41D8-BE00-7C9D25C40610}.Release|Any CPU.ActiveCfg = Release|Any CPU
		{3FE0A6C2-A5AB-41D8-BE00-7C9D25C40610}.Release|Any CPU.Build.0 = Release|Any CPU
	EndGlobalSection
	GlobalSection(SolutionProperties) = preSolution
		HideSolutionNode = FALSE
	EndGlobalSection
	GlobalSection(ExtensibilityGlobals) = postSolution
		SolutionGuid = {B56A297B-40DC-497C-B562-6D7478236CC6}
	EndGlobalSection
EndGlobal
